version = 1
requires-python = "==3.12.9"

[[package]]
name = "asqlite"
version = "2.0.0"
source = { registry = "https://pypi.org/simple" }
sdist = { url = "https://files.pythonhosted.org/packages/c3/c6/8349e97598590d1da0675b7ffbbb1c6293af5e9421d0c8683552e1ccab1b/asqlite-2.0.0.tar.gz", hash = "sha256:97645200037f822c170e7dafa8b8422f85983a36e03060e47dcd932c0e1714a3", size = 9077 }
wheels = [
    { url = "https://files.pythonhosted.org/packages/1b/29/bc22327700c07d08894dfcbfb5a82349f533a0190171b3fd2d8b7dc7b8c8/asqlite-2.0.0-py3-none-any.whl", hash = "sha256:271b4206dbab14da93ff191fb03f3166d11d8feec90467653762636810f040b5", size = 8899 },
]

[[package]]
name = "cffi"
version = "1.17.1"
source = { registry = "https://pypi.org/simple" }
dependencies = [
    { name = "pycparser" },
]
sdist = { url = "https://files.pythonhosted.org/packages/fc/97/c783634659c2920c3fc70419e3af40972dbaf758daa229a7d6ea6135c90d/cffi-1.17.1.tar.gz", hash = "sha256:1c39c6016c32bc48dd54561950ebd6836e1670f2ae46128f67cf49e789c52824", size = 516621 }
wheels = [
    { url = "https://files.pythonhosted.org/packages/5a/84/e94227139ee5fb4d600a7a4927f322e1d4aea6fdc50bd3fca8493caba23f/cffi-1.17.1-cp312-cp312-macosx_10_9_x86_64.whl", hash = "sha256:805b4371bf7197c329fcb3ead37e710d1bca9da5d583f5073b799d5c5bd1eee4", size = 183178 },
    { url = "https://files.pythonhosted.org/packages/da/ee/fb72c2b48656111c4ef27f0f91da355e130a923473bf5ee75c5643d00cca/cffi-1.17.1-cp312-cp312-macosx_11_0_arm64.whl", hash = "sha256:733e99bc2df47476e3848417c5a4540522f234dfd4ef3ab7fafdf555b082ec0c", size = 178840 },
    { url = "https://files.pythonhosted.org/packages/cc/b6/db007700f67d151abadf508cbfd6a1884f57eab90b1bb985c4c8c02b0f28/cffi-1.17.1-cp312-cp312-manylinux_2_12_i686.manylinux2010_i686.manylinux_2_17_i686.manylinux2014_i686.whl", hash = "sha256:1257bdabf294dceb59f5e70c64a3e2f462c30c7ad68092d01bbbfb1c16b1ba36", size = 454803 },
    { url = "https://files.pythonhosted.org/packages/1a/df/f8d151540d8c200eb1c6fba8cd0dfd40904f1b0682ea705c36e6c2e97ab3/cffi-1.17.1-cp312-cp312-manylinux_2_17_aarch64.manylinux2014_aarch64.whl", hash = "sha256:da95af8214998d77a98cc14e3a3bd00aa191526343078b530ceb0bd710fb48a5", size = 478850 },
    { url = "https://files.pythonhosted.org/packages/28/c0/b31116332a547fd2677ae5b78a2ef662dfc8023d67f41b2a83f7c2aa78b1/cffi-1.17.1-cp312-cp312-manylinux_2_17_ppc64le.manylinux2014_ppc64le.whl", hash = "sha256:d63afe322132c194cf832bfec0dc69a99fb9bb6bbd550f161a49e9e855cc78ff", size = 485729 },
    { url = "https://files.pythonhosted.org/packages/91/2b/9a1ddfa5c7f13cab007a2c9cc295b70fbbda7cb10a286aa6810338e60ea1/cffi-1.17.1-cp312-cp312-manylinux_2_17_s390x.manylinux2014_s390x.whl", hash = "sha256:f79fc4fc25f1c8698ff97788206bb3c2598949bfe0fef03d299eb1b5356ada99", size = 471256 },
    { url = "https://files.pythonhosted.org/packages/b2/d5/da47df7004cb17e4955df6a43d14b3b4ae77737dff8bf7f8f333196717bf/cffi-1.17.1-cp312-cp312-manylinux_2_17_x86_64.manylinux2014_x86_64.whl", hash = "sha256:b62ce867176a75d03a665bad002af8e6d54644fad99a3c70905c543130e39d93", size = 479424 },
    { url = "https://files.pythonhosted.org/packages/0b/ac/2a28bcf513e93a219c8a4e8e125534f4f6db03e3179ba1c45e949b76212c/cffi-1.17.1-cp312-cp312-musllinux_1_1_aarch64.whl", hash = "sha256:386c8bf53c502fff58903061338ce4f4950cbdcb23e2902d86c0f722b786bbe3", size = 484568 },
    { url = "https://files.pythonhosted.org/packages/d4/38/ca8a4f639065f14ae0f1d9751e70447a261f1a30fa7547a828ae08142465/cffi-1.17.1-cp312-cp312-musllinux_1_1_x86_64.whl", hash = "sha256:4ceb10419a9adf4460ea14cfd6bc43d08701f0835e979bf821052f1805850fe8", size = 488736 },
    { url = "https://files.pythonhosted.org/packages/86/c5/28b2d6f799ec0bdecf44dced2ec5ed43e0eb63097b0f58c293583b406582/cffi-1.17.1-cp312-cp312-win32.whl", hash = "sha256:a08d7e755f8ed21095a310a693525137cfe756ce62d066e53f502a83dc550f65", size = 172448 },
    { url = "https://files.pythonhosted.org/packages/50/b9/db34c4755a7bd1cb2d1603ac3863f22bcecbd1ba29e5ee841a4bc510b294/cffi-1.17.1-cp312-cp312-win_amd64.whl", hash = "sha256:51392eae71afec0d0c8fb1a53b204dbb3bcabcb3c9b807eedf3e1e6ccf2de903", size = 181976 },
]

[[package]]
name = "chardet"
version = "5.2.0"
source = { registry = "https://pypi.org/simple" }
sdist = { url = "https://files.pythonhosted.org/packages/f3/0d/f7b6ab21ec75897ed80c17d79b15951a719226b9fababf1e40ea74d69079/chardet-5.2.0.tar.gz", hash = "sha256:1b3b6ff479a8c414bc3fa2c0852995695c4a026dcd6d0633b2dd092ca39c1cf7", size = 2069618 }
wheels = [
    { url = "https://files.pythonhosted.org/packages/38/6f/f5fbc992a329ee4e0f288c1fe0e2ad9485ed064cac731ed2fe47dcc38cbf/chardet-5.2.0-py3-none-any.whl", hash = "sha256:e1cf59446890a00105fe7b7912492ea04b6e6f06d4b742b2c788469e34c82970", size = 199385 },
]

[[package]]
name = "dotenv"
version = "0.9.9"
source = { registry = "https://pypi.org/simple" }
dependencies = [
    { name = "python-dotenv" },
]
wheels = [
    { url = "https://files.pythonhosted.org/packages/b2/b7/545d2c10c1fc15e48653c91efde329a790f2eecfbbf2bd16003b5db2bab0/dotenv-0.9.9-py2.py3-none-any.whl", hash = "sha256:29cf74a087b31dafdb5a446b6d7e11cbce8ed2741540e2339c69fbef92c94ce9", size = 1892 },
]

[[package]]
name = "hata"
version = "1.3.75"
source = { registry = "https://pypi.org/simple" }
dependencies = [
    { name = "chardet" },
    { name = "scarletio" },
]
sdist = { url = "https://files.pythonhosted.org/packages/27/4d/636d9d99dc0469350a6c0bd24831c289d087224701082d0653afe0362810/hata-1.3.75.tar.gz", hash = "sha256:706f24bc84375ec579043ce87f6572ef693f586278461fe38ec8ab77d22198c6", size = 1838080 }
wheels = [
    { url = "https://files.pythonhosted.org/packages/a7/69/2b7b6e282d2cf93153a532b4c805f0a94d10b8115fc8311eef045e8a8dd6/hata-1.3.75-py3-none-any.whl", hash = "sha256:84bea889ba5cca6b008db99cc777d303fa4fb75e7d48a3c73f730661437d0cdf", size = 2373505 },
]

[[package]]
name = "pet-pet-gif"
version = "1.0.2"
source = { registry = "https://pypi.org/simple" }
dependencies = [
    { name = "pillow" },
    { name = "setuptools" },
]
wheels = [
    { url = "https://files.pythonhosted.org/packages/8d/97/e29973f8880adab22c5b6f389cbf3f0ba64e97e4be0f4ba75d76843e31df/pet_pet_gif-1.0.2-py3-none-any.whl", hash = "sha256:935898313d0a2826fadc16dab652f947ebb10ef789f9cba97a72212eb96fb28e", size = 36079 },
]

[[package]]
name = "petpet-auto-updater"
version = "1.0.0"
source = { virtual = "." }
dependencies = [
    { name = "asqlite" },
    { name = "dotenv" },
    { name = "hata" },
    { name = "pet-pet-gif" },
    { name = "pynacl" },
    { name = "python-dateutil" },
    { name = "ruff" },
]

[package.metadata]
requires-dist = [
    { name = "asqlite", specifier = ">=2.0.0" },
    { name = "dotenv", specifier = ">=0.9.9" },
    { name = "hata", specifier = ">=1.3.75" },
    { name = "pet-pet-gif", specifier = ">=1.0.2" },
    { name = "pynacl", specifier = ">=1.5.0" },
    { name = "python-dateutil", specifier = ">=2.9.0.post0" },
    { name = "ruff", specifier = ">=0.0.17" },
]

[[package]]
name = "pillow"
version = "11.1.0"
source = { registry = "https://pypi.org/simple" }
sdist = { url = "https://files.pythonhosted.org/packages/f3/af/c097e544e7bd278333db77933e535098c259609c4eb3b85381109602fb5b/pillow-11.1.0.tar.gz", hash = "sha256:368da70808b36d73b4b390a8ffac11069f8a5c85f29eff1f1b01bcf3ef5b2a20", size = 46742715 }
wheels = [
    { url = "https://files.pythonhosted.org/packages/95/20/9ce6ed62c91c073fcaa23d216e68289e19d95fb8188b9fb7a63d36771db8/pillow-11.1.0-cp312-cp312-macosx_10_13_x86_64.whl", hash = "sha256:2062ffb1d36544d42fcaa277b069c88b01bb7298f4efa06731a7fd6cc290b81a", size = 3226818 },
    { url = "https://files.pythonhosted.org/packages/b9/d8/f6004d98579a2596c098d1e30d10b248798cceff82d2b77aa914875bfea1/pillow-11.1.0-cp312-cp312-macosx_11_0_arm64.whl", hash = "sha256:a85b653980faad27e88b141348707ceeef8a1186f75ecc600c395dcac19f385b", size = 3101662 },
    { url = "https://files.pythonhosted.org/packages/08/d9/892e705f90051c7a2574d9f24579c9e100c828700d78a63239676f960b74/pillow-11.1.0-cp312-cp312-manylinux_2_17_aarch64.manylinux2014_aarch64.whl", hash = "sha256:9409c080586d1f683df3f184f20e36fb647f2e0bc3988094d4fd8c9f4eb1b3b3", size = 4329317 },
    { url = "https://files.pythonhosted.org/packages/8c/aa/7f29711f26680eab0bcd3ecdd6d23ed6bce180d82e3f6380fb7ae35fcf3b/pillow-11.1.0-cp312-cp312-manylinux_2_17_x86_64.manylinux2014_x86_64.whl", hash = "sha256:7fdadc077553621911f27ce206ffcbec7d3f8d7b50e0da39f10997e8e2bb7f6a", size = 4412999 },
    { url = "https://files.pythonhosted.org/packages/c8/c4/8f0fe3b9e0f7196f6d0bbb151f9fba323d72a41da068610c4c960b16632a/pillow-11.1.0-cp312-cp312-manylinux_2_28_aarch64.whl", hash = "sha256:93a18841d09bcdd774dcdc308e4537e1f867b3dec059c131fde0327899734aa1", size = 4368819 },
    { url = "https://files.pythonhosted.org/packages/38/0d/84200ed6a871ce386ddc82904bfadc0c6b28b0c0ec78176871a4679e40b3/pillow-11.1.0-cp312-cp312-manylinux_2_28_x86_64.whl", hash = "sha256:9aa9aeddeed452b2f616ff5507459e7bab436916ccb10961c4a382cd3e03f47f", size = 4496081 },
    { url = "https://files.pythonhosted.org/packages/84/9c/9bcd66f714d7e25b64118e3952d52841a4babc6d97b6d28e2261c52045d4/pillow-11.1.0-cp312-cp312-musllinux_1_2_aarch64.whl", hash = "sha256:3cdcdb0b896e981678eee140d882b70092dac83ac1cdf6b3a60e2216a73f2b91", size = 4296513 },
    { url = "https://files.pythonhosted.org/packages/db/61/ada2a226e22da011b45f7104c95ebda1b63dcbb0c378ad0f7c2a710f8fd2/pillow-11.1.0-cp312-cp312-musllinux_1_2_x86_64.whl", hash = "sha256:36ba10b9cb413e7c7dfa3e189aba252deee0602c86c309799da5a74009ac7a1c", size = 4431298 },
    { url = "https://files.pythonhosted.org/packages/e7/c4/fc6e86750523f367923522014b821c11ebc5ad402e659d8c9d09b3c9d70c/pillow-11.1.0-cp312-cp312-win32.whl", hash = "sha256:cfd5cd998c2e36a862d0e27b2df63237e67273f2fc78f47445b14e73a810e7e6", size = 2291630 },
    { url = "https://files.pythonhosted.org/packages/08/5c/2104299949b9d504baf3f4d35f73dbd14ef31bbd1ddc2c1b66a5b7dfda44/pillow-11.1.0-cp312-cp312-win_amd64.whl", hash = "sha256:a697cd8ba0383bba3d2d3ada02b34ed268cb548b369943cd349007730c92bddf", size = 2626369 },
    { url = "https://files.pythonhosted.org/packages/37/f3/9b18362206b244167c958984b57c7f70a0289bfb59a530dd8af5f699b910/pillow-11.1.0-cp312-cp312-win_arm64.whl", hash = "sha256:4dd43a78897793f60766563969442020e90eb7847463eca901e41ba186a7d4a5", size = 2375240 },
]

[[package]]
name = "pycparser"
version = "2.22"
source = { registry = "https://pypi.org/simple" }
sdist = { url = "https://files.pythonhosted.org/packages/1d/b2/31537cf4b1ca988837256c910a668b553fceb8f069bedc4b1c826024b52c/pycparser-2.22.tar.gz", hash = "sha256:491c8be9c040f5390f5bf44a5b07752bd07f56edf992381b05c701439eec10f6", size = 172736 }
wheels = [
    { url = "https://files.pythonhosted.org/packages/13/a3/a812df4e2dd5696d1f351d58b8fe16a405b234ad2886a0dab9183fb78109/pycparser-2.22-py3-none-any.whl", hash = "sha256:c3702b6d3dd8c7abc1afa565d7e63d53a1d0bd86cdc24edd75470f4de499cfcc", size = 117552 },
]

[[package]]
name = "pynacl"
version = "1.5.0"
source = { registry = "https://pypi.org/simple" }
dependencies = [
    { name = "cffi" },
]
sdist = { url = "https://files.pythonhosted.org/packages/a7/22/27582568be639dfe22ddb3902225f91f2f17ceff88ce80e4db396c8986da/PyNaCl-1.5.0.tar.gz", hash = "sha256:8ac7448f09ab85811607bdd21ec2464495ac8b7c66d146bf545b0f08fb9220ba", size = 3392854 }
wheels = [
    { url = "https://files.pythonhosted.org/packages/ce/75/0b8ede18506041c0bf23ac4d8e2971b4161cd6ce630b177d0a08eb0d8857/PyNaCl-1.5.0-cp36-abi3-macosx_10_10_universal2.whl", hash = "sha256:401002a4aaa07c9414132aaed7f6836ff98f59277a234704ff66878c2ee4a0d1", size = 349920 },
    { url = "https://files.pythonhosted.org/packages/59/bb/fddf10acd09637327a97ef89d2a9d621328850a72f1fdc8c08bdf72e385f/PyNaCl-1.5.0-cp36-abi3-manylinux_2_17_aarch64.manylinux2014_aarch64.manylinux_2_24_aarch64.whl", hash = "sha256:52cb72a79269189d4e0dc537556f4740f7f0a9ec41c1322598799b0bdad4ef92", size = 601722 },
    { url = "https://files.pythonhosted.org/packages/5d/70/87a065c37cca41a75f2ce113a5a2c2aa7533be648b184ade58971b5f7ccc/PyNaCl-1.5.0-cp36-abi3-manylinux_2_17_aarch64.manylinux2014_aarch64.whl", hash = "sha256:a36d4a9dda1f19ce6e03c9a784a2921a4b726b02e1c736600ca9c22029474394", size = 680087 },
    { url = "https://files.pythonhosted.org/packages/ee/87/f1bb6a595f14a327e8285b9eb54d41fef76c585a0edef0a45f6fc95de125/PyNaCl-1.5.0-cp36-abi3-manylinux_2_17_x86_64.manylinux2014_x86_64.manylinux_2_24_x86_64.whl", hash = "sha256:0c84947a22519e013607c9be43706dd42513f9e6ae5d39d3613ca1e142fba44d", size = 856678 },
    { url = "https://files.pythonhosted.org/packages/66/28/ca86676b69bf9f90e710571b67450508484388bfce09acf8a46f0b8c785f/PyNaCl-1.5.0-cp36-abi3-manylinux_2_17_x86_64.manylinux2014_x86_64.whl", hash = "sha256:06b8f6fa7f5de8d5d2f7573fe8c863c051225a27b61e6860fd047b1775807858", size = 1133660 },
    { url = "https://files.pythonhosted.org/packages/3d/85/c262db650e86812585e2bc59e497a8f59948a005325a11bbbc9ecd3fe26b/PyNaCl-1.5.0-cp36-abi3-musllinux_1_1_aarch64.whl", hash = "sha256:a422368fc821589c228f4c49438a368831cb5bbc0eab5ebe1d7fac9dded6567b", size = 663824 },
    { url = "https://files.pythonhosted.org/packages/fd/1a/cc308a884bd299b651f1633acb978e8596c71c33ca85e9dc9fa33a5399b9/PyNaCl-1.5.0-cp36-abi3-musllinux_1_1_x86_64.whl", hash = "sha256:61f642bf2378713e2c2e1de73444a3778e5f0a38be6fee0fe532fe30060282ff", size = 1117912 },
    { url = "https://files.pythonhosted.org/packages/25/2d/b7df6ddb0c2a33afdb358f8af6ea3b8c4d1196ca45497dd37a56f0c122be/PyNaCl-1.5.0-cp36-abi3-win32.whl", hash = "sha256:e46dae94e34b085175f8abb3b0aaa7da40767865ac82c928eeb9e57e1ea8a543", size = 204624 },
    { url = "https://files.pythonhosted.org/packages/5e/22/d3db169895faaf3e2eda892f005f433a62db2decbcfbc2f61e6517adfa87/PyNaCl-1.5.0-cp36-abi3-win_amd64.whl", hash = "sha256:20f42270d27e1b6a29f54032090b972d97f0a1b0948cc52392041ef7831fee93", size = 212141 },
]

[[package]]
name = "python-dateutil"
version = "2.9.0.post0"
source = { registry = "https://pypi.org/simple" }
dependencies = [
    { name = "six" },
]
sdist = { url = "https://files.pythonhosted.org/packages/66/c0/0c8b6ad9f17a802ee498c46e004a0eb49bc148f2fd230864601a86dcf6db/python-dateutil-2.9.0.post0.tar.gz", hash = "sha256:37dd54208da7e1cd875388217d5e00ebd4179249f90fb72437e91a35459a0ad3", size = 342432 }
wheels = [
    { url = "https://files.pythonhosted.org/packages/ec/57/56b9bcc3c9c6a792fcbaf139543cee77261f3651ca9da0c93f5c1221264b/python_dateutil-2.9.0.post0-py2.py3-none-any.whl", hash = "sha256:a8b2bc7bffae282281c8140a97d3aa9c14da0b136dfe83f850eea9a5f7470427", size = 229892 },
]

[[package]]
name = "python-dotenv"
version = "1.0.1"
source = { registry = "https://pypi.org/simple" }
sdist = { url = "https://files.pythonhosted.org/packages/bc/57/e84d88dfe0aec03b7a2d4327012c1627ab5f03652216c63d49846d7a6c58/python-dotenv-1.0.1.tar.gz", hash = "sha256:e324ee90a023d808f1959c46bcbc04446a10ced277783dc6ee09987c37ec10ca", size = 39115 }
wheels = [
    { url = "https://files.pythonhosted.org/packages/6a/3e/b68c118422ec867fa7ab88444e1274aa40681c606d59ac27de5a5588f082/python_dotenv-1.0.1-py3-none-any.whl", hash = "sha256:f7b63ef50f1b690dddf550d03497b66d609393b40b564ed0d674909a68ebf16a", size = 19863 },
]

[[package]]
name = "ruff"
version = "0.9.7"
source = { registry = "https://pypi.org/simple" }
sdist = { url = "https://files.pythonhosted.org/packages/39/8b/a86c300359861b186f18359adf4437ac8e4c52e42daa9eedc731ef9d5b53/ruff-0.9.7.tar.gz", hash = "sha256:643757633417907510157b206e490c3aa11cab0c087c912f60e07fbafa87a4c6", size = 3669813 }
wheels = [
    { url = "https://files.pythonhosted.org/packages/b1/f3/3a1d22973291226df4b4e2ff70196b926b6f910c488479adb0eeb42a0d7f/ruff-0.9.7-py3-none-linux_armv6l.whl", hash = "sha256:99d50def47305fe6f233eb8dabfd60047578ca87c9dcb235c9723ab1175180f4", size = 11774588 },
    { url = "https://files.pythonhosted.org/packages/8e/c9/b881f4157b9b884f2994fd08ee92ae3663fb24e34b0372ac3af999aa7fc6/ruff-0.9.7-py3-none-macosx_10_12_x86_64.whl", hash = "sha256:d59105ae9c44152c3d40a9c40d6331a7acd1cdf5ef404fbe31178a77b174ea66", size = 11746848 },
    { url = "https://files.pythonhosted.org/packages/14/89/2f546c133f73886ed50a3d449e6bf4af27d92d2f960a43a93d89353f0945/ruff-0.9.7-py3-none-macosx_11_0_arm64.whl", hash = "sha256:f313b5800483770bd540cddac7c90fc46f895f427b7820f18fe1822697f1fec9", size = 11177525 },
    { url = "https://files.pythonhosted.org/packages/d7/93/6b98f2c12bf28ab9def59c50c9c49508519c5b5cfecca6de871cf01237f6/ruff-0.9.7-py3-none-manylinux_2_17_aarch64.manylinux2014_aarch64.whl", hash = "sha256:042ae32b41343888f59c0a4148f103208bf6b21c90118d51dc93a68366f4e903", size = 11996580 },
    { url = "https://files.pythonhosted.org/packages/8e/3f/b3fcaf4f6d875e679ac2b71a72f6691a8128ea3cb7be07cbb249f477c061/ruff-0.9.7-py3-none-manylinux_2_17_armv7l.manylinux2014_armv7l.whl", hash = "sha256:87862589373b33cc484b10831004e5e5ec47dc10d2b41ba770e837d4f429d721", size = 11525674 },
    { url = "https://files.pythonhosted.org/packages/f0/48/33fbf18defb74d624535d5d22adcb09a64c9bbabfa755bc666189a6b2210/ruff-0.9.7-py3-none-manylinux_2_17_i686.manylinux2014_i686.whl", hash = "sha256:a17e1e01bee0926d351a1ee9bc15c445beae888f90069a6192a07a84af544b6b", size = 12739151 },
    { url = "https://files.pythonhosted.org/packages/63/b5/7e161080c5e19fa69495cbab7c00975ef8a90f3679caa6164921d7f52f4a/ruff-0.9.7-py3-none-manylinux_2_17_ppc64.manylinux2014_ppc64.whl", hash = "sha256:7c1f880ac5b2cbebd58b8ebde57069a374865c73f3bf41f05fe7a179c1c8ef22", size = 13416128 },
    { url = "https://files.pythonhosted.org/packages/4e/c8/b5e7d61fb1c1b26f271ac301ff6d9de5e4d9a9a63f67d732fa8f200f0c88/ruff-0.9.7-py3-none-manylinux_2_17_ppc64le.manylinux2014_ppc64le.whl", hash = "sha256:e63fc20143c291cab2841dbb8260e96bafbe1ba13fd3d60d28be2c71e312da49", size = 12870858 },
    { url = "https://files.pythonhosted.org/packages/da/cb/2a1a8e4e291a54d28259f8fc6a674cd5b8833e93852c7ef5de436d6ed729/ruff-0.9.7-py3-none-manylinux_2_17_s390x.manylinux2014_s390x.whl", hash = "sha256:91ff963baed3e9a6a4eba2a02f4ca8eaa6eba1cc0521aec0987da8d62f53cbef", size = 14786046 },
    { url = "https://files.pythonhosted.org/packages/ca/6c/c8f8a313be1943f333f376d79724260da5701426c0905762e3ddb389e3f4/ruff-0.9.7-py3-none-manylinux_2_17_x86_64.manylinux2014_x86_64.whl", hash = "sha256:88362e3227c82f63eaebf0b2eff5b88990280fb1ecf7105523883ba8c3aaf6fb", size = 12550834 },
    { url = "https://files.pythonhosted.org/packages/9d/ad/f70cf5e8e7c52a25e166bdc84c082163c9c6f82a073f654c321b4dff9660/ruff-0.9.7-py3-none-musllinux_1_2_aarch64.whl", hash = "sha256:0372c5a90349f00212270421fe91874b866fd3626eb3b397ede06cd385f6f7e0", size = 11961307 },
    { url = "https://files.pythonhosted.org/packages/52/d5/4f303ea94a5f4f454daf4d02671b1fbfe2a318b5fcd009f957466f936c50/ruff-0.9.7-py3-none-musllinux_1_2_armv7l.whl", hash = "sha256:d76b8ab60e99e6424cd9d3d923274a1324aefce04f8ea537136b8398bbae0a62", size = 11612039 },
    { url = "https://files.pythonhosted.org/packages/eb/c8/bd12a23a75603c704ce86723be0648ba3d4ecc2af07eecd2e9fa112f7e19/ruff-0.9.7-py3-none-musllinux_1_2_i686.whl", hash = "sha256:0c439bdfc8983e1336577f00e09a4e7a78944fe01e4ea7fe616d00c3ec69a3d0", size = 12168177 },
    { url = "https://files.pythonhosted.org/packages/cc/57/d648d4f73400fef047d62d464d1a14591f2e6b3d4a15e93e23a53c20705d/ruff-0.9.7-py3-none-musllinux_1_2_x86_64.whl", hash = "sha256:115d1f15e8fdd445a7b4dc9a30abae22de3f6bcabeb503964904471691ef7606", size = 12610122 },
    { url = "https://files.pythonhosted.org/packages/49/79/acbc1edd03ac0e2a04ae2593555dbc9990b34090a9729a0c4c0cf20fb595/ruff-0.9.7-py3-none-win32.whl", hash = "sha256:e9ece95b7de5923cbf38893f066ed2872be2f2f477ba94f826c8defdd6ec6b7d", size = 9988751 },
    { url = "https://files.pythonhosted.org/packages/6d/95/67153a838c6b6ba7a2401241fd8a00cd8c627a8e4a0491b8d853dedeffe0/ruff-0.9.7-py3-none-win_amd64.whl", hash = "sha256:3770fe52b9d691a15f0b87ada29c45324b2ace8f01200fb0c14845e499eb0c2c", size = 11002987 },
    { url = "https://files.pythonhosted.org/packages/63/6a/aca01554949f3a401991dc32fe22837baeaccb8a0d868256cbb26a029778/ruff-0.9.7-py3-none-win_arm64.whl", hash = "sha256:b075a700b2533feb7a01130ff656a4ec0d5f340bb540ad98759b8401c32c2037", size = 10177763 },
]

[[package]]
name = "scarletio"
version = "1.0.87"
source = { registry = "https://pypi.org/simple" }
dependencies = [
    { name = "chardet" },
]
sdist = { url = "https://files.pythonhosted.org/packages/49/d7/047ac700c95aaf14bb177e93e75f822987bf7c91635062c14e56c11c42de/scarletio-1.0.87.tar.gz", hash = "sha256:e8e1c8353d5fcb3f467841d842499c56752cf47b877a9a20f373e2f360a7780f", size = 367751 }
wheels = [
    { url = "https://files.pythonhosted.org/packages/8e/22/cad569d643730d6127943a2c3fa9d2f6e674802f87efbe19fa3e693b3fd3/scarletio-1.0.87-py3-none-any.whl", hash = "sha256:d17406b1b375821bff8f9bc4522631b79c66ba8d1b925ad49599a3dd9e4c6b0a", size = 472729 },
]

[[package]]
name = "setuptools"
version = "75.8.0"
source = { registry = "https://pypi.org/simple" }
sdist = { url = "https://files.pythonhosted.org/packages/92/ec/089608b791d210aec4e7f97488e67ab0d33add3efccb83a056cbafe3a2a6/setuptools-75.8.0.tar.gz", hash = "sha256:c5afc8f407c626b8313a86e10311dd3f661c6cd9c09d4bf8c15c0e11f9f2b0e6", size = 1343222 }
wheels = [
    { url = "https://files.pythonhosted.org/packages/69/8a/b9dc7678803429e4a3bc9ba462fa3dd9066824d3c607490235c6a796be5a/setuptools-75.8.0-py3-none-any.whl", hash = "sha256:e3982f444617239225d675215d51f6ba05f845d4eec313da4418fdbb56fb27e3", size = 1228782 },
]

[[package]]
name = "six"
version = "1.17.0"
source = { registry = "https://pypi.org/simple" }
sdist = { url = "https://files.pythonhosted.org/packages/94/e7/b2c673351809dca68a0e064b6af791aa332cf192da575fd474ed7d6f16a2/six-1.17.0.tar.gz", hash = "sha256:ff70335d468e7eb6ec65b95b99d3a2836546063f63acc5171de367e834932a81", size = 34031 }
wheels = [
    { url = "https://files.pythonhosted.org/packages/b7/ce/149a00dd41f10bc29e5921b496af8b574d8413afcd5e30dfa0ed46c2cc5e/six-1.17.0-py2.py3-none-any.whl", hash = "sha256:4721f391ed90541fddacab5acf947aa0d3dc7d27b2e1e8eda2be8970586c3274", size = 11050 },
]
